
Microsoft Visual Studio Solution File, Format Version 12.00
# Visual Studio Version 16
VisualStudioVersion = 16.0.808.4
MinimumVisualStudioVersion = 10.0.40219.1
Project("{FAE04EC0-301F-11D3-BF4B-00C04F79EFBC}") = "JacobCalculator", "JacobCalculator\JacobCalculator.csproj", "{9B68D01A-0B17-4868-A39F-E2C5A407743B}"
EndProject
Global
	GlobalSection(SolutionConfigurationPlatforms) = preSolution
		Debug|Any CPU = Debug|Any CPU
		Release|Any CPU = Release|Any CPU
	EndGlobalSection
	GlobalSection(ProjectConfigurationPlatforms) = postSolution
		{9B68D01A-0B17-4868-A39F-E2C5A407743B}.Debug|Any CPU.ActiveCfg = Debug|Any CPU
		{9B68D01A-0B17-4868-A39F-E2C5A407743B}.Debug|Any CPU.Build.0 = Debug|Any CPU
		{9B68D01A-0B17-4868-A39F-E2C5A407743B}.Release|Any CPU.ActiveCfg = Release|Any CPU
		{9B68D01A-0B17-4868-A39F-E2C5A407743B}.Release|Any CPU.Build.0 = Release|Any CPU
	EndGlobalSection
	GlobalSection(SolutionProperties) = preSolution
		HideSolutionNode = FALSE
	EndGlobalSection
	GlobalSection(ExtensibilityGlobals) = postSolution
		SolutionGuid = {DC0B0948-1395-4E54-A03C-1A1FDD1F9E63}
	EndGlobalSection
EndGlobal
